
Microsoft Visual Studio Solution File, Format Version 12.00
# Visual Studio Version 17
VisualStudioVersion = 17.1.32328.378
MinimumVisualStudioVersion = 10.0.40219.1
Project("{FAE04EC0-301F-11D3-BF4B-00C04F79EFBC}") = "Revisao.Sub.Primeiro.Trimestre", "Revisao.Sub.Primeiro.Trimestre\Revisao.Sub.Primeiro.Trimestre.csproj", "{E3939114-359E-46A2-A63E-5B35A603C812}"
EndProject
Global
	GlobalSection(SolutionConfigurationPlatforms) = preSolution
		Debug|Any CPU = Debug|Any CPU
		Release|Any CPU = Release|Any CPU
	EndGlobalSection
	GlobalSection(ProjectConfigurationPlatforms) = postSolution
		{E3939114-359E-46A2-A63E-5B35A603C812}.Debug|Any CPU.ActiveCfg = Debug|Any CPU
		{E3939114-359E-46A2-A63E-5B35A603C812}.Debug|Any CPU.Build.0 = Debug|Any CPU
		{E3939114-359E-46A2-A63E-5B35A603C812}.Release|Any CPU.ActiveCfg = Release|Any CPU
		{E3939114-359E-46A2-A63E-5B35A603C812}.Release|Any CPU.Build.0 = Release|Any CPU
	EndGlobalSection
	GlobalSection(SolutionProperties) = preSolution
		HideSolutionNode = FALSE
	EndGlobalSection
	GlobalSection(ExtensibilityGlobals) = postSolution
		SolutionGuid = {62440AE1-2315-4BE8-AF0B-5F3DDA70AA07}
	EndGlobalSection
EndGlobal
